// !$*UTF8*$!
{
	archiveVersion = 1;
	classes = {
	};
	objectVersion = 46;
	objects = {

/* Begin PBXBuildFile section */
		D87EA0881C9BE6E6002F54F9 /* AppDelegate.swift in Sources */ = {isa = PBXBuildFile; fileRef = D87EA0871C9BE6E6002F54F9 /* AppDelegate.swift */; };
		D87EA08A1C9BE6E6002F54F9 /* ViewController.swift in Sources */ = {isa = PBXBuildFile; fileRef = D87EA0891C9BE6E6002F54F9 /* ViewController.swift */; };
		D87EA08D1C9BE6E6002F54F9 /* Main.storyboard in Resources */ = {isa = PBXBuildFile; fileRef = D87EA08B1C9BE6E6002F54F9 /* Main.storyboard */; };
		D87EA08F1C9BE6E6002F54F9 /* Assets.xcassets in Resources */ = {isa = PBXBuildFile; fileRef = D87EA08E1C9BE6E6002F54F9 /* Assets.xcassets */; };
		D87EA0921C9BE6E6002F54F9 /* LaunchScreen.storyboard in Resources */ = {isa = PBXBuildFile; fileRef = D87EA0901C9BE6E6002F54F9 /* LaunchScreen.storyboard */; };
		D87EA09D1C9BE6E6002F54F9 /* Lecture_48Tests.swift in Sources */ = {isa = PBXBuildFile; fileRef = D87EA09C1C9BE6E6002F54F9 /* Lecture_48Tests.swift */; };
		D87EA0A81C9BE6E6002F54F9 /* Lecture_48UITests.swift in Sources */ = {isa = PBXBuildFile; fileRef = D87EA0A71C9BE6E6002F54F9 /* Lecture_48UITests.swift */; };
		D87EA0B61C9BEC0B002F54F9 /* Character.swift in Sources */ = {isa = PBXBuildFile; fileRef = D87EA0B51C9BEC0A002F54F9 /* Character.swift */; };
/* End PBXBuildFile section */

/* Begin PBXContainerItemProxy section */
		D87EA0991C9BE6E6002F54F9 /* PBXContainerItemProxy */ = {
			isa = PBXContainerItemProxy;
			containerPortal = D87EA07C1C9BE6E6002F54F9 /* Project object */;
			proxyType = 1;
			remoteGlobalIDString = D87EA0831C9BE6E6002F54F9;
			remoteInfo = Lecture.48;
		};
		D87EA0A41C9BE6E6002F54F9 /* PBXContainerItemProxy */ = {
			isa = PBXContainerItemProxy;
			containerPortal = D87EA07C1C9BE6E6002F54F9 /* Project object */;
			proxyType = 1;
			remoteGlobalIDString = D87EA0831C9BE6E6002F54F9;
			remoteInfo = Lecture.48;
		};
/* End PBXContainerItemProxy section */

/* Begin PBXFileReference section */
		D87EA0841C9BE6E6002F54F9 /* Lecture.48.app */ = {isa = PBXFileReference; explicitFileType = wrapper.application; includeInIndex = 0; path = Lecture.48.app; sourceTree = BUILT_PRODUCTS_DIR; };
		D87EA0871C9BE6E6002F54F9 /* AppDelegate.swift */ = {isa = PBXFileReference; lastKnownFileType = sourcecode.swift; path = AppDelegate.swift; sourceTree = "<group>"; };
		D87EA0891C9BE6E6002F54F9 /* ViewController.swift */ = {isa = PBXFileReference; lastKnownFileType = sourcecode.swift; path = ViewController.swift; sourceTree = "<group>"; };
		D87EA08C1C9BE6E6002F54F9 /* Base */ = {isa = PBXFileReference; lastKnownFileType = file.storyboard; name = Base; path = Base.lproj/Main.storyboard; sourceTree = "<group>"; };
		D87EA08E1C9BE6E6002F54F9 /* Assets.xcassets */ = {isa = PBXFileReference; lastKnownFileType = folder.assetcatalog; path = Assets.xcassets; sourceTree = "<group>"; };
		D87EA0911C9BE6E6002F54F9 /* Base */ = {isa = PBXFileReference; lastKnownFileType = file.storyboard; name = Base; path = Base.lproj/LaunchScreen.storyboard; sourceTree = "<group>"; };
		D87EA0931C9BE6E6002F54F9 /* Info.plist */ = {isa = PBXFileReference; lastKnownFileType = text.plist.xml; path = Info.plist; sourceTree = "<group>"; };
		D87EA0981C9BE6E6002F54F9 /* Lecture.48Tests.xctest */ = {isa = PBXFileReference; explicitFileType = wrapper.cfbundle; includeInIndex = 0; path = Lecture.48Tests.xctest; sourceTree = BUILT_PRODUCTS_DIR; };
		D87EA09C1C9BE6E6002F54F9 /* Lecture_48Tests.swift */ = {isa = PBXFileReference; lastKnownFileType = sourcecode.swift; path = Lecture_48Tests.swift; sourceTree = "<group>"; };
		D87EA09E1C9BE6E6002F54F9 /* Info.plist */ = {isa = PBXFileReference; lastKnownFileType = text.plist.xml; path = Info.plist; sourceTree = "<group>"; };
		D87EA0A31C9BE6E6002F54F9 /* Lecture.48UITests.xctest */ = {isa = PBXFileReference; explicitFileType = wrapper.cfbundle; includeInIndex = 0; path = Lecture.48UITests.xctest; sourceTree = BUILT_PRODUCTS_DIR; };
		D87EA0A71C9BE6E6002F54F9 /* Lecture_48UITests.swift */ = {isa = PBXFileReference; lastKnownFileType = sourcecode.swift; path = Lecture_48UITests.swift; sourceTree = "<group>"; };
		D87EA0A91C9BE6E6002F54F9 /* Info.plist */ = {isa = PBXFileReference; lastKnownFileType = text.plist.xml; path = Info.plist; sourceTree = "<group>"; };
		D87EA0B51C9BEC0A002F54F9 /* Character.swift */ = {isa = PBXFileReference; fileEncoding = 4; lastKnownFileType = sourcecode.swift; path = Character.swift; sourceTree = "<group>"; };
/* End PBXFileReference section */

/* Begin PBXFrameworksBuildPhase section */
		D87EA0811C9BE6E6002F54F9 /* Frameworks */ = {
			isa = PBXFrameworksBuildPhase;
			buildActionMask = 2147483647;
			files = (
			);
			runOnlyForDeploymentPostprocessing = 0;
		};
		D87EA0951C9BE6E6002F54F9 /* Frameworks */ = {
			isa = PBXFrameworksBuildPhase;
			buildActionMask = 2147483647;
			files = (
			);
			runOnlyForDeploymentPostprocessing = 0;
		};
		D87EA0A01C9BE6E6002F54F9 /* Frameworks */ = {
			isa = PBXFrameworksBuildPhase;
			buildActionMask = 2147483647;
			files = (
			);
			runOnlyForDeploymentPostprocessing = 0;
		};
/* End PBXFrameworksBuildPhase section */

/* Begin PBXGroup section */
		D87EA07B1C9BE6E6002F54F9 = {
			isa = PBXGroup;
			children = (
				D87EA0861C9BE6E6002F54F9 /* Lecture.48 */,
				D87EA09B1C9BE6E6002F54F9 /* Lecture.48Tests */,
				D87EA0A61C9BE6E6002F54F9 /* Lecture.48UITests */,
				D87EA0851C9BE6E6002F54F9 /* Products */,
			);
			sourceTree = "<group>";
		};
		D87EA0851C9BE6E6002F54F9 /* Products */ = {
			isa = PBXGroup;
			children = (
				D87EA0841C9BE6E6002F54F9 /* Lecture.48.app */,
				D87EA0981C9BE6E6002F54F9 /* Lecture.48Tests.xctest */,
				D87EA0A31C9BE6E6002F54F9 /* Lecture.48UITests.xctest */,
			);
			name = Products;
			sourceTree = "<group>";
		};
		D87EA0861C9BE6E6002F54F9 /* Lecture.48 */ = {
			isa = PBXGroup;
			children = (
				D87EA0871C9BE6E6002F54F9 /* AppDelegate.swift */,
				D87EA0891C9BE6E6002F54F9 /* ViewController.swift */,
				D87EA08B1C9BE6E6002F54F9 /* Main.storyboard */,
				D87EA08E1C9BE6E6002F54F9 /* Assets.xcassets */,
				D87EA0901C9BE6E6002F54F9 /* LaunchScreen.storyboard */,
				D87EA0931C9BE6E6002F54F9 /* Info.plist */,
				D87EA0B51C9BEC0A002F54F9 /* Character.swift */,
			);
			path = Lecture.48;
			sourceTree = "<group>";
		};
		D87EA09B1C9BE6E6002F54F9 /* Lecture.48Tests */ = {
			isa = PBXGroup;
			children = (
				D87EA09C1C9BE6E6002F54F9 /* Lecture_48Tests.swift */,
				D87EA09E1C9BE6E6002F54F9 /* Info.plist */,
			);
			path = Lecture.48Tests;
			sourceTree = "<group>";
		};
		D87EA0A61C9BE6E6002F54F9 /* Lecture.48UITests */ = {
			isa = PBXGroup;
			children = (
				D87EA0A71C9BE6E6002F54F9 /* Lecture_48UITests.swift */,
				D87EA0A91C9BE6E6002F54F9 /* Info.plist */,
			);
			path = Lecture.48UITests;
			sourceTree = "<group>";
		};
/* End PBXGroup section */

/* Begin PBXNativeTarget section */
		D87EA0831C9BE6E6002F54F9 /* Lecture.48 */ = {
			isa = PBXNativeTarget;
			buildConfigurationList = D87EA0AC1C9BE6E6002F54F9 /* Build configuration list for PBXNativeTarget "Lecture.48" */;
			buildPhases = (
				D87EA0801C9BE6E6002F54F9 /* Sources */,
				D87EA0811C9BE6E6002F54F9 /* Frameworks */,
				D87EA0821C9BE6E6002F54F9 /* Resources */,
			);
			buildRules = (
			);
			dependencies = (
			);
			name = Lecture.48;
			productName = Lecture.48;
			productReference = D87EA0841C9BE6E6002F54F9 /* Lecture.48.app */;
			productType = "com.apple.product-type.application";
		};
		D87EA0971C9BE6E6002F54F9 /* Lecture.48Tests */ = {
			isa = PBXNativeTarget;
			buildConfigurationList = D87EA0AF1C9BE6E6002F54F9 /* Build configuration list for PBXNativeTarget "Lecture.48Tests" */;
			buildPhases = (
				D87EA0941C9BE6E6002F54F9 /* Sources */,
				D87EA0951C9BE6E6002F54F9 /* Frameworks */,
				D87EA0961C9BE6E6002F54F9 /* Resources */,
			);
			buildRules = (
			);
			dependencies = (
				D87EA09A1C9BE6E6002F54F9 /* PBXTargetDependency */,
			);
			name = Lecture.48Tests;
			productName = Lecture.48Tests;
			productReference = D87EA0981C9BE6E6002F54F9 /* Lecture.48Tests.xctest */;
			productType = "com.apple.product-type.bundle.unit-test";
		};
		D87EA0A21C9BE6E6002F54F9 /* Lecture.48UITests */ = {
			isa = PBXNativeTarget;
			buildConfigurationList = D87EA0B21C9BE6E6002F54F9 /* Build configuration list for PBXNativeTarget "Lecture.48UITests" */;
			buildPhases = (
				D87EA09F1C9BE6E6002F54F9 /* Sources */,
				D87EA0A01C9BE6E6002F54F9 /* Frameworks */,
				D87EA0A11C9BE6E6002F54F9 /* Resources */,
			);
			buildRules = (
			);
			dependencies = (
				D87EA0A51C9BE6E6002F54F9 /* PBXTargetDependency */,
			);
			name = Lecture.48UITests;
			productName = Lecture.48UITests;
			productReference = D87EA0A31C9BE6E6002F54F9 /* Lecture.48UITests.xctest */;
			productType = "com.apple.product-type.bundle.ui-testing";
		};
/* End PBXNativeTarget section */

/* Begin PBXProject section */
		D87EA07C1C9BE6E6002F54F9 /* Project object */ = {
			isa = PBXProject;
			attributes = {
				LastSwiftUpdateCheck = 0720;
				LastUpgradeCheck = 0720;
				ORGANIZATIONNAME = "Stéphane DEPOILLY";
				TargetAttributes = {
					D87EA0831C9BE6E6002F54F9 = {
						CreatedOnToolsVersion = 7.2.1;
					};
					D87EA0971C9BE6E6002F54F9 = {
						CreatedOnToolsVersion = 7.2.1;
						TestTargetID = D87EA0831C9BE6E6002F54F9;
					};
					D87EA0A21C9BE6E6002F54F9 = {
						CreatedOnToolsVersion = 7.2.1;
						TestTargetID = D87EA0831C9BE6E6002F54F9;
					};
				};
			};
			buildConfigurationList = D87EA07F1C9BE6E6002F54F9 /* Build configuration list for PBXProject "Lecture.48" */;
			compatibilityVersion = "Xcode 3.2";
			developmentRegion = English;
			hasScannedForEncodings = 0;
			knownRegions = (
				en,
				Base,
			);
			mainGroup = D87EA07B1C9BE6E6002F54F9;
			productRefGroup = D87EA0851C9BE6E6002F54F9 /* Products */;
			projectDirPath = "";
			projectRoot = "";
			targets = (
				D87EA0831C9BE6E6002F54F9 /* Lecture.48 */,
				D87EA0971C9BE6E6002F54F9 /* Lecture.48Tests */,
				D87EA0A21C9BE6E6002F54F9 /* Lecture.48UITests */,
			);
		};
/* End PBXProject section */

/* Begin PBXResourcesBuildPhase section */
		D87EA0821C9BE6E6002F54F9 /* Resources */ = {
			isa = PBXResourcesBuildPhase;
			buildActionMask = 2147483647;
			files = (
				D87EA0921C9BE6E6002F54F9 /* LaunchScreen.storyboard in Resources */,
				D87EA08F1C9BE6E6002F54F9 /* Assets.xcassets in Resources */,
				D87EA08D1C9BE6E6002F54F9 /* Main.storyboard in Resources */,
			);
			runOnlyForDeploymentPostprocessing = 0;
		};
		D87EA0961C9BE6E6002F54F9 /* Resources */ = {
			isa = PBXResourcesBuildPhase;
			buildActionMask = 2147483647;
			files = (
			);
			runOnlyForDeploymentPostprocessing = 0;
		};
		D87EA0A11C9BE6E6002F54F9 /* Resources */ = {
			isa = PBXResourcesBuildPhase;
			buildActionMask = 2147483647;
			files = (
			);
			runOnlyForDeploymentPostprocessing = 0;
		};
/* End PBXResourcesBuildPhase section */

/* Begin PBXSourcesBuildPhase section */
		D87EA0801C9BE6E6002F54F9 /* Sources */ = {
			isa = PBXSourcesBuildPhase;
			buildActionMask = 2147483647;
			files = (
				D87EA0B61C9BEC0B002F54F9 /* Character.swift in Sources */,
				D87EA08A1C9BE6E6002F54F9 /* ViewController.swift in Sources */,
				D87EA0881C9BE6E6002F54F9 /* AppDelegate.swift in Sources */,
			);
			runOnlyForDeploymentPostprocessing = 0;
		};
		D87EA0941C9BE6E6002F54F9 /* Sources */ = {
			isa = PBXSourcesBuildPhase;
			buildActionMask = 2147483647;
			files = (
				D87EA09D1C9BE6E6002F54F9 /* Lecture_48Tests.swift in Sources */,
			);
			runOnlyForDeploymentPostprocessing = 0;
		};
		D87EA09F1C9BE6E6002F54F9 /* Sources */ = {
			isa = PBXSourcesBuildPhase;
			buildActionMask = 2147483647;
			files = (
				D87EA0A81C9BE6E6002F54F9 /* Lecture_48UITests.swift in Sources */,
			);
			runOnlyForDeploymentPostprocessing = 0;
		};
/* End PBXSourcesBuildPhase section */

/* Begin PBXTargetDependency section */
		D87EA09A1C9BE6E6002F54F9 /* PBXTargetDependency */ = {
			isa = PBXTargetDependency;
			target = D87EA0831C9BE6E6002F54F9 /* Lecture.48 */;
			targetProxy = D87EA0991C9BE6E6002F54F9 /* PBXContainerItemProxy */;
		};
		D87EA0A51C9BE6E6002F54F9 /* PBXTargetDependency */ = {
			isa = PBXTargetDependency;
			target = D87EA0831C9BE6E6002F54F9 /* Lecture.48 */;
			targetProxy = D87EA0A41C9BE6E6002F54F9 /* PBXContainerItemProxy */;
		};
/* End PBXTargetDependency section */

/* Begin PBXVariantGroup section */
		D87EA08B1C9BE6E6002F54F9 /* Main.storyboard */ = {
			isa = PBXVariantGroup;
			children = (
				D87EA08C1C9BE6E6002F54F9 /* Base */,
			);
			name = Main.storyboard;
			sourceTree = "<group>";
		};
		D87EA0901C9BE6E6002F54F9 /* LaunchScreen.storyboard */ = {
			isa = PBXVariantGroup;
			children = (
				D87EA0911C9BE6E6002F54F9 /* Base */,
			);
			name = LaunchScreen.storyboard;
			sourceTree = "<group>";
		};
/* End PBXVariantGroup section */

/* Begin XCBuildConfiguration section */
		D87EA0AA1C9BE6E6002F54F9 /* Debug */ = {
			isa = XCBuildConfiguration;
			buildSettings = {
				ALWAYS_SEARCH_USER_PATHS = NO;
				CLANG_CXX_LANGUAGE_STANDARD = "gnu++0x";
				CLANG_CXX_LIBRARY = "libc++";
				CLANG_ENABLE_MODULES = YES;
				CLANG_ENABLE_OBJC_ARC = YES;
				CLANG_WARN_BOOL_CONVERSION = YES;
				CLANG_WARN_CONSTANT_CONVERSION = YES;
				CLANG_WARN_DIRECT_OBJC_ISA_USAGE = YES_ERROR;
				CLANG_WARN_EMPTY_BODY = YES;
				CLANG_WARN_ENUM_CONVERSION = YES;
				CLANG_WARN_INT_CONVERSION = YES;
				CLANG_WARN_OBJC_ROOT_CLASS = YES_ERROR;
				CLANG_WARN_UNREACHABLE_CODE = YES;
				CLANG_WARN__DUPLICATE_METHOD_MATCH = YES;
				"CODE_SIGN_IDENTITY[sdk=iphoneos*]" = "iPhone Developer";
				COPY_PHASE_STRIP = NO;
				DEBUG_INFORMATION_FORMAT = dwarf;
				ENABLE_STRICT_OBJC_MSGSEND = YES;
				ENABLE_TESTABILITY = YES;
				GCC_C_LANGUAGE_STANDARD = gnu99;
				GCC_DYNAMIC_NO_PIC = NO;
				GCC_NO_COMMON_BLOCKS = YES;
				GCC_OPTIMIZATION_LEVEL = 0;
				GCC_PREPROCESSOR_DEFINITIONS = (
					"DEBUG=1",
					"$(inherited)",
				);
				GCC_WARN_64_TO_32_BIT_CONVERSION = YES;
				GCC_WARN_ABOUT_RETURN_TYPE = YES_ERROR;
				GCC_WARN_UNDECLARED_SELECTOR = YES;
				GCC_WARN_UNINITIALIZED_AUTOS = YES_AGGRESSIVE;
				GCC_WARN_UNUSED_FUNCTION = YES;
				GCC_WARN_UNUSED_VARIABLE = YES;
				IPHONEOS_DEPLOYMENT_TARGET = 9.2;
				MTL_ENABLE_DEBUG_INFO = YES;
				ONLY_ACTIVE_ARCH = YES;
				SDKROOT = iphoneos;
				SWIFT_OPTIMIZATION_LEVEL = "-Onone";
				TARGETED_DEVICE_FAMILY = "1,2";
			};
			name = Debug;
		};
		D87EA0AB1C9BE6E6002F54F9 /* Release */ = {
			isa = XCBuildConfiguration;
			buildSettings = {
				ALWAYS_SEARCH_USER_PATHS = NO;
				CLANG_CXX_LANGUAGE_STANDARD = "gnu++0x";
				CLANG_CXX_LIBRARY = "libc++";
				CLANG_ENABLE_MODULES = YES;
				CLANG_ENABLE_OBJC_ARC = YES;
				CLANG_WARN_BOOL_CONVERSION = YES;
				CLANG_WARN_CONSTANT_CONVERSION = YES;
				CLANG_WARN_DIRECT_OBJC_ISA_USAGE = YES_ERROR;
				CLANG_WARN_EMPTY_BODY = YES;
				CLANG_WARN_ENUM_CONVERSION = YES;
				CLANG_WARN_INT_CONVERSION = YES;
				CLANG_WARN_OBJC_ROOT_CLASS = YES_ERROR;
				CLANG_WARN_UNREACHABLE_CODE = YES;
				CLANG_WARN__DUPLICATE_METHOD_MATCH = YES;
				"CODE_SIGN_IDENTITY[sdk=iphoneos*]" = "iPhone Developer";
				COPY_PHASE_STRIP = NO;
				DEBUG_INFORMATION_FORMAT = "dwarf-with-dsym";
				ENABLE_NS_ASSERTIONS = NO;
				ENABLE_STRICT_OBJC_MSGSEND = YES;
				GCC_C_LANGUAGE_STANDARD = gnu99;
				GCC_NO_COMMON_BLOCKS = YES;
				GCC_WARN_64_TO_32_BIT_CONVERSION = YES;
				GCC_WARN_ABOUT_RETURN_TYPE = YES_ERROR;
				GCC_WARN_UNDECLARED_SELECTOR = YES;
				GCC_WARN_UNINITIALIZED_AUTOS = YES_AGGRESSIVE;
				GCC_WARN_UNUSED_FUNCTION = YES;
				GCC_WARN_UNUSED_VARIABLE = YES;
				IPHONEOS_DEPLOYMENT_TARGET = 9.2;
				MTL_ENABLE_DEBUG_INFO = NO;
				SDKROOT = iphoneos;
				TARGETED_DEVICE_FAMILY = "1,2";
				VALIDATE_PRODUCT = YES;
			};
			name = Release;
		};
		D87EA0AD1C9BE6E6002F54F9 /* Debug */ = {
			isa = XCBuildConfiguration;
			buildSettings = {
				ASSETCATALOG_COMPILER_APPICON_NAME = AppIcon;
				INFOPLIST_FILE = Lecture.48/Info.plist;
				LD_RUNPATH_SEARCH_PATHS = "$(inherited) @executable_path/Frameworks";
				PRODUCT_BUNDLE_IDENTIFIER = "com.stephanedepoilly.Lecture-48";
				PRODUCT_NAME = "$(TARGET_NAME)";
			};
			name = Debug;
		};
		D87EA0AE1C9BE6E6002F54F9 /* Release */ = {
			isa = XCBuildConfiguration;
			buildSettings = {
				ASSETCATALOG_COMPILER_APPICON_NAME = AppIcon;
				INFOPLIST_FILE = Lecture.48/Info.plist;
				LD_RUNPATH_SEARCH_PATHS = "$(inherited) @executable_path/Frameworks";
				PRODUCT_BUNDLE_IDENTIFIER = "com.stephanedepoilly.Lecture-48";
				PRODUCT_NAME = "$(TARGET_NAME)";
			};
			name = Release;
		};
		D87EA0B01C9BE6E6002F54F9 /* Debug */ = {
			isa = XCBuildConfiguration;
			buildSettings = {
				BUNDLE_LOADER = "$(TEST_HOST)";
				INFOPLIST_FILE = Lecture.48Tests/Info.plist;
				LD_RUNPATH_SEARCH_PATHS = "$(inherited) @executable_path/Frameworks @loader_path/Frameworks";
				PRODUCT_BUNDLE_IDENTIFIER = "com.stephanedepoilly.Lecture-48Tests";
				PRODUCT_NAME = "$(TARGET_NAME)";
				TEST_HOST = "$(BUILT_PRODUCTS_DIR)/Lecture.48.app/Lecture.48";
			};
			name = Debug;
		};
		D87EA0B11C9BE6E6002F54F9 /* Release */ = {
			isa = XCBuildConfiguration;
			buildSettings = {
				BUNDLE_LOADER = "$(TEST_HOST)";
				INFOPLIST_FILE = Lecture.48Tests/Info.plist;
				LD_RUNPATH_SEARCH_PATHS = "$(inherited) @executable_path/Frameworks @loader_path/Frameworks";
				PRODUCT_BUNDLE_IDENTIFIER = "com.stephanedepoilly.Lecture-48Tests";
				PRODUCT_NAME = "$(TARGET_NAME)";
				TEST_HOST = "$(BUILT_PRODUCTS_DIR)/Lecture.48.app/Lecture.48";
			};
			name = Release;
		};
		D87EA0B31C9BE6E6002F54F9 /* Debug */ = {
			isa = XCBuildConfiguration;
			buildSettings = {
				INFOPLIST_FILE = Lecture.48UITests/Info.plist;
				LD_RUNPATH_SEARCH_PATHS = "$(inherited) @executable_path/Frameworks @loader_path/Frameworks";
				PRODUCT_BUNDLE_IDENTIFIER = "com.stephanedepoilly.Lecture-48UITests";
				PRODUCT_NAME = "$(TARGET_NAME)";
				TEST_TARGET_NAME = Lecture.48;
				USES_XCTRUNNER = YES;
			};
			name = Debug;
		};
		D87EA0B41C9BE6E6002F54F9 /* Release */ = {
			isa = XCBuildConfiguration;
			buildSettings = {
				INFOPLIST_FILE = Lecture.48UITests/Info.plist;
				LD_RUNPATH_SEARCH_PATHS = "$(inherited) @executable_path/Frameworks @loader_path/Frameworks";
				PRODUCT_BUNDLE_IDENTIFIER = "com.stephanedepoilly.Lecture-48UITests";
				PRODUCT_NAME = "$(TARGET_NAME)";
				TEST_TARGET_NAME = Lecture.48;
				USES_XCTRUNNER = YES;
			};
			name = Release;
		};
/* End XCBuildConfiguration section */

/* Begin XCConfigurationList section */
		D87EA07F1C9BE6E6002F54F9 /* Build configuration list for PBXProject "Lecture.48" */ = {
			isa = XCConfigurationList;
			buildConfigurations = (
				D87EA0AA1C9BE6E6002F54F9 /* Debug */,
				D87EA0AB1C9BE6E6002F54F9 /* Release */,
			);
			defaultConfigurationIsVisible = 0;
			defaultConfigurationName = Release;
		};
		D87EA0AC1C9BE6E6002F54F9 /* Build configuration list for PBXNativeTarget "Lecture.48" */ = {
			isa = XCConfigurationList;
			buildConfigurations = (
				D87EA0AD1C9BE6E6002F54F9 /* Debug */,
				D87EA0AE1C9BE6E6002F54F9 /* Release */,
			);
			defaultConfigurationIsVisible = 0;
		};
		D87EA0AF1C9BE6E6002F54F9 /* Build configuration list for PBXNativeTarget "Lecture.48Tests" */ = {
			isa = XCConfigurationList;
			buildConfigurations = (
				D87EA0B01C9BE6E6002F54F9 /* Debug */,
				D87EA0B11C9BE6E6002F54F9 /* Release */,
			);
			defaultConfigurationIsVisible = 0;
		};
		D87EA0B21C9BE6E6002F54F9 /* Build configuration list for PBXNativeTarget "Lecture.48UITests" */ = {
			isa = XCConfigurationList;
			buildConfigurations = (
				D87EA0B31C9BE6E6002F54F9 /* Debug */,
				D87EA0B41C9BE6E6002F54F9 /* Release */,
			);
			defaultConfigurationIsVisible = 0;
		};
/* End XCConfigurationList section */
	};
	rootObject = D87EA07C1C9BE6E6002F54F9 /* Project object */;
}
